// !$*UTF8*$!
{
	archiveVersion = 1;
	classes = {
	};
	objectVersion = 77;
	objects = {

/* Begin PBXBuildFile section */
		84E24E842CA70878004C06AD /* Auth in Frameworks */ = {isa = PBXBuildFile; productRef = 84E24E832CA70878004C06AD /* Auth */; };
		84E24E862CA70878004C06AD /* Functions in Frameworks */ = {isa = PBXBuildFile; productRef = 84E24E852CA70878004C06AD /* Functions */; };
		84E24E882CA70878004C06AD /* PostgREST in Frameworks */ = {isa = PBXBuildFile; productRef = 84E24E872CA70878004C06AD /* PostgREST */; };
		84E24E8A2CA70878004C06AD /* Realtime in Frameworks */ = {isa = PBXBuildFile; productRef = 84E24E892CA70878004C06AD /* Realtime */; };
		84E24E8C2CA70878004C06AD /* Storage in Frameworks */ = {isa = PBXBuildFile; productRef = 84E24E8B2CA70878004C06AD /* Storage */; };
		84E24E8E2CA70878004C06AD /* Supabase in Frameworks */ = {isa = PBXBuildFile; productRef = 84E24E8D2CA70878004C06AD /* Supabase */; };
/* End PBXBuildFile section */

/* Begin PBXContainerItemProxy section */
		849038B22CA308490078E52F /* PBXContainerItemProxy */ = {
			isa = PBXContainerItemProxy;
			containerPortal = 849038992CA308460078E52F /* Project object */;
			proxyType = 1;
			remoteGlobalIDString = 849038A02CA308460078E52F;
			remoteInfo = "Online Examination";
		};
		849038BC2CA308490078E52F /* PBXContainerItemProxy */ = {
			isa = PBXContainerItemProxy;
			containerPortal = 849038992CA308460078E52F /* Project object */;
			proxyType = 1;
			remoteGlobalIDString = 849038A02CA308460078E52F;
			remoteInfo = "Online Examination";
		};
/* End PBXContainerItemProxy section */

/* Begin PBXFileReference section */
		849038A12CA308460078E52F /* Online Examination.app */ = {isa = PBXFileReference; explicitFileType = wrapper.application; includeInIndex = 0; path = "Online Examination.app"; sourceTree = BUILT_PRODUCTS_DIR; };
		849038B12CA308490078E52F /* Online ExaminationTests.xctest */ = {isa = PBXFileReference; explicitFileType = wrapper.cfbundle; includeInIndex = 0; path = "Online ExaminationTests.xctest"; sourceTree = BUILT_PRODUCTS_DIR; };
		849038BB2CA308490078E52F /* Online ExaminationUITests.xctest */ = {isa = PBXFileReference; explicitFileType = wrapper.cfbundle; includeInIndex = 0; path = "Online ExaminationUITests.xctest"; sourceTree = BUILT_PRODUCTS_DIR; };
/* End PBXFileReference section */

/* Begin PBXFileSystemSynchronizedBuildFileExceptionSet section */
		849039232CA317270078E52F /* Exceptions for "Online Examination" folder in "Online ExaminationUITests" target */ = {
			isa = PBXFileSystemSynchronizedBuildFileExceptionSet;
			membershipExceptions = (
				"Other/Resources/Fonts/Poppins /OFL.txt",
				"Other/Resources/Fonts/Poppins /Poppins-Black.ttf",
				"Other/Resources/Fonts/Poppins /Poppins-BlackItalic.ttf",
				"Other/Resources/Fonts/Poppins /Poppins-Bold.ttf",
				"Other/Resources/Fonts/Poppins /Poppins-BoldItalic.ttf",
				"Other/Resources/Fonts/Poppins /Poppins-ExtraBold.ttf",
				"Other/Resources/Fonts/Poppins /Poppins-ExtraBoldItalic.ttf",
				"Other/Resources/Fonts/Poppins /Poppins-ExtraLight.ttf",
				"Other/Resources/Fonts/Poppins /Poppins-ExtraLightItalic.ttf",
				"Other/Resources/Fonts/Poppins /Poppins-Italic.ttf",
				"Other/Resources/Fonts/Poppins /Poppins-Light.ttf",
				"Other/Resources/Fonts/Poppins /Poppins-LightItalic.ttf",
				"Other/Resources/Fonts/Poppins /Poppins-Medium.ttf",
				"Other/Resources/Fonts/Poppins /Poppins-MediumItalic.ttf",
				"Other/Resources/Fonts/Poppins /Poppins-Regular.ttf",
				"Other/Resources/Fonts/Poppins /Poppins-SemiBold.ttf",
				"Other/Resources/Fonts/Poppins /Poppins-SemiBoldItalic.ttf",
				"Other/Resources/Fonts/Poppins /Poppins-Thin.ttf",
				"Other/Resources/Fonts/Poppins /Poppins-ThinItalic.ttf",
			);
			target = 849038BA2CA308490078E52F /* Online ExaminationUITests */;
		};
/* End PBXFileSystemSynchronizedBuildFileExceptionSet section */

/* Begin PBXFileSystemSynchronizedRootGroup section */
		849038A32CA308460078E52F /* Online Examination */ = {
			isa = PBXFileSystemSynchronizedRootGroup;
			exceptions = (
				849039232CA317270078E52F /* Exceptions for "Online Examination" folder in "Online ExaminationUITests" target */,
			);
			path = "Online Examination";
			sourceTree = "<group>";
		};
		849038B42CA308490078E52F /* Online ExaminationTests */ = {
			isa = PBXFileSystemSynchronizedRootGroup;
			path = "Online ExaminationTests";
			sourceTree = "<group>";
		};
		849038BE2CA308490078E52F /* Online ExaminationUITests */ = {
			isa = PBXFileSystemSynchronizedRootGroup;
			path = "Online ExaminationUITests";
			sourceTree = "<group>";
		};
/* End PBXFileSystemSynchronizedRootGroup section */

/* Begin PBXFrameworksBuildPhase section */
		8490389E2CA308460078E52F /* Frameworks */ = {
			isa = PBXFrameworksBuildPhase;
			buildActionMask = 2147483647;
			files = (
				84E24E882CA70878004C06AD /* PostgREST in Frameworks */,
				84E24E862CA70878004C06AD /* Functions in Frameworks */,
				84E24E8E2CA70878004C06AD /* Supabase in Frameworks */,
				84E24E842CA70878004C06AD /* Auth in Frameworks */,
				84E24E8C2CA70878004C06AD /* Storage in Frameworks */,
				84E24E8A2CA70878004C06AD /* Realtime in Frameworks */,
			);
			runOnlyForDeploymentPostprocessing = 0;
		};
		849038AE2CA308490078E52F /* Frameworks */ = {
			isa = PBXFrameworksBuildPhase;
			buildActionMask = 2147483647;
			files = (
			);
			runOnlyForDeploymentPostprocessing = 0;
		};
		849038B82CA308490078E52F /* Frameworks */ = {
			isa = PBXFrameworksBuildPhase;
			buildActionMask = 2147483647;
			files = (
			);
			runOnlyForDeploymentPostprocessing = 0;
		};
/* End PBXFrameworksBuildPhase section */

/* Begin PBXGroup section */
		847CDFFA2CA7059C00A197EF /* Frameworks */ = {
			isa = PBXGroup;
			children = (
			);
			name = Frameworks;
			sourceTree = "<group>";
		};
		849038982CA308460078E52F = {
			isa = PBXGroup;
			children = (
				849038A32CA308460078E52F /* Online Examination */,
				849038B42CA308490078E52F /* Online ExaminationTests */,
				849038BE2CA308490078E52F /* Online ExaminationUITests */,
				847CDFFA2CA7059C00A197EF /* Frameworks */,
				849038A22CA308460078E52F /* Products */,
			);
			sourceTree = "<group>";
		};
		849038A22CA308460078E52F /* Products */ = {
			isa = PBXGroup;
			children = (
				849038A12CA308460078E52F /* Online Examination.app */,
				849038B12CA308490078E52F /* Online ExaminationTests.xctest */,
				849038BB2CA308490078E52F /* Online ExaminationUITests.xctest */,
			);
			name = Products;
			sourceTree = "<group>";
		};
/* End PBXGroup section */

/* Begin PBXNativeTarget section */
		849038A02CA308460078E52F /* Online Examination */ = {
			isa = PBXNativeTarget;
			buildConfigurationList = 849038C52CA308490078E52F /* Build configuration list for PBXNativeTarget "Online Examination" */;
			buildPhases = (
				8490389D2CA308460078E52F /* Sources */,
				8490389E2CA308460078E52F /* Frameworks */,
				8490389F2CA308460078E52F /* Resources */,
			);
			buildRules = (
			);
			dependencies = (
			);
			fileSystemSynchronizedGroups = (
				849038A32CA308460078E52F /* Online Examination */,
			);
			name = "Online Examination";
			packageProductDependencies = (
				84E24E832CA70878004C06AD /* Auth */,
				84E24E852CA70878004C06AD /* Functions */,
				84E24E872CA70878004C06AD /* PostgREST */,
				84E24E892CA70878004C06AD /* Realtime */,
				84E24E8B2CA70878004C06AD /* Storage */,
				84E24E8D2CA70878004C06AD /* Supabase */,
			);
			productName = "Online Examination";
			productReference = 849038A12CA308460078E52F /* Online Examination.app */;
			productType = "com.apple.product-type.application";
		};
		849038B02CA308490078E52F /* Online ExaminationTests */ = {
			isa = PBXNativeTarget;
			buildConfigurationList = 849038C82CA308490078E52F /* Build configuration list for PBXNativeTarget "Online ExaminationTests" */;
			buildPhases = (
				849038AD2CA308490078E52F /* Sources */,
				849038AE2CA308490078E52F /* Frameworks */,
				849038AF2CA308490078E52F /* Resources */,
			);
			buildRules = (
			);
			dependencies = (
				849038B32CA308490078E52F /* PBXTargetDependency */,
			);
			fileSystemSynchronizedGroups = (
				849038B42CA308490078E52F /* Online ExaminationTests */,
			);
			name = "Online ExaminationTests";
			packageProductDependencies = (
			);
			productName = "Online ExaminationTests";
			productReference = 849038B12CA308490078E52F /* Online ExaminationTests.xctest */;
			productType = "com.apple.product-type.bundle.unit-test";
		};
		849038BA2CA308490078E52F /* Online ExaminationUITests */ = {
			isa = PBXNativeTarget;
			buildConfigurationList = 849038CB2CA308490078E52F /* Build configuration list for PBXNativeTarget "Online ExaminationUITests" */;
			buildPhases = (
				849038B72CA308490078E52F /* Sources */,
				849038B82CA308490078E52F /* Frameworks */,
				849038B92CA308490078E52F /* Resources */,
			);
			buildRules = (
			);
			dependencies = (
				849038BD2CA308490078E52F /* PBXTargetDependency */,
			);
			fileSystemSynchronizedGroups = (
				849038BE2CA308490078E52F /* Online ExaminationUITests */,
			);
			name = "Online ExaminationUITests";
			packageProductDependencies = (
			);
			productName = "Online ExaminationUITests";
			productReference = 849038BB2CA308490078E52F /* Online ExaminationUITests.xctest */;
			productType = "com.apple.product-type.bundle.ui-testing";
		};
/* End PBXNativeTarget section */

/* Begin PBXProject section */
		849038992CA308460078E52F /* Project object */ = {
			isa = PBXProject;
			attributes = {
				BuildIndependentTargetsInParallel = 1;
				LastSwiftUpdateCheck = 1600;
				LastUpgradeCheck = 1600;
				TargetAttributes = {
					849038A02CA308460078E52F = {
						CreatedOnToolsVersion = 16.0;
					};
					849038B02CA308490078E52F = {
						CreatedOnToolsVersion = 16.0;
						TestTargetID = 849038A02CA308460078E52F;
					};
					849038BA2CA308490078E52F = {
						CreatedOnToolsVersion = 16.0;
						TestTargetID = 849038A02CA308460078E52F;
					};
				};
			};
			buildConfigurationList = 8490389C2CA308460078E52F /* Build configuration list for PBXProject "Online Examination" */;
			developmentRegion = en;
			hasScannedForEncodings = 0;
			knownRegions = (
				en,
				Base,
			);
			mainGroup = 849038982CA308460078E52F;
			minimizedProjectReferenceProxies = 1;
			packageReferences = (
				847CDFF92CA7010200A197EF /* XCRemoteSwiftPackageReference "supabase-swift" */,
			);
			preferredProjectObjectVersion = 77;
			productRefGroup = 849038A22CA308460078E52F /* Products */;
			projectDirPath = "";
			projectRoot = "";
			targets = (
				849038A02CA308460078E52F /* Online Examination */,
				849038B02CA308490078E52F /* Online ExaminationTests */,
				849038BA2CA308490078E52F /* Online ExaminationUITests */,
			);
		};
/* End PBXProject section */

/* Begin PBXResourcesBuildPhase section */
		8490389F2CA308460078E52F /* Resources */ = {
			isa = PBXResourcesBuildPhase;
			buildActionMask = 2147483647;
			files = (
			);
			runOnlyForDeploymentPostprocessing = 0;
		};
		849038AF2CA308490078E52F /* Resources */ = {
			isa = PBXResourcesBuildPhase;
			buildActionMask = 2147483647;
			files = (
			);
			runOnlyForDeploymentPostprocessing = 0;
		};
		849038B92CA308490078E52F /* Resources */ = {
			isa = PBXResourcesBuildPhase;
			buildActionMask = 2147483647;
			files = (
			);
			runOnlyForDeploymentPostprocessing = 0;
		};
/* End PBXResourcesBuildPhase section */

/* Begin PBXSourcesBuildPhase section */
		8490389D2CA308460078E52F /* Sources */ = {
			isa = PBXSourcesBuildPhase;
			buildActionMask = 2147483647;
			files = (
			);
			runOnlyForDeploymentPostprocessing = 0;
		};
		849038AD2CA308490078E52F /* Sources */ = {
			isa = PBXSourcesBuildPhase;
			buildActionMask = 2147483647;
			files = (
			);
			runOnlyForDeploymentPostprocessing = 0;
		};
		849038B72CA308490078E52F /* Sources */ = {
			isa = PBXSourcesBuildPhase;
			buildActionMask = 2147483647;
			files = (
			);
			runOnlyForDeploymentPostprocessing = 0;
		};
/* End PBXSourcesBuildPhase section */

/* Begin PBXTargetDependency section */
		849038B32CA308490078E52F /* PBXTargetDependency */ = {
			isa = PBXTargetDependency;
			target = 849038A02CA308460078E52F /* Online Examination */;
			targetProxy = 849038B22CA308490078E52F /* PBXContainerItemProxy */;
		};
		849038BD2CA308490078E52F /* PBXTargetDependency */ = {
			isa = PBXTargetDependency;
			target = 849038A02CA308460078E52F /* Online Examination */;
			targetProxy = 849038BC2CA308490078E52F /* PBXContainerItemProxy */;
		};
/* End PBXTargetDependency section */

/* Begin XCBuildConfiguration section */
		849038C32CA308490078E52F /* Debug */ = {
			isa = XCBuildConfiguration;
			buildSettings = {
				ALWAYS_SEARCH_USER_PATHS = NO;
				ASSETCATALOG_COMPILER_GENERATE_SWIFT_ASSET_SYMBOL_EXTENSIONS = YES;
				CLANG_ANALYZER_NONNULL = YES;
				CLANG_ANALYZER_NUMBER_OBJECT_CONVERSION = YES_AGGRESSIVE;
				CLANG_CXX_LANGUAGE_STANDARD = "gnu++20";
				CLANG_ENABLE_MODULES = YES;
				CLANG_ENABLE_OBJC_ARC = YES;
				CLANG_ENABLE_OBJC_WEAK = YES;
				CLANG_WARN_BLOCK_CAPTURE_AUTORELEASING = YES;
				CLANG_WARN_BOOL_CONVERSION = YES;
				CLANG_WARN_COMMA = YES;
				CLANG_WARN_CONSTANT_CONVERSION = YES;
				CLANG_WARN_DEPRECATED_OBJC_IMPLEMENTATIONS = YES;
				CLANG_WARN_DIRECT_OBJC_ISA_USAGE = YES_ERROR;
				CLANG_WARN_DOCUMENTATION_COMMENTS = YES;
				CLANG_WARN_EMPTY_BODY = YES;
				CLANG_WARN_ENUM_CONVERSION = YES;
				CLANG_WARN_INFINITE_RECURSION = YES;
				CLANG_WARN_INT_CONVERSION = YES;
				CLANG_WARN_NON_LITERAL_NULL_CONVERSION = YES;
				CLANG_WARN_OBJC_IMPLICIT_RETAIN_SELF = YES;
				CLANG_WARN_OBJC_LITERAL_CONVERSION = YES;
				CLANG_WARN_OBJC_ROOT_CLASS = YES_ERROR;
				CLANG_WARN_QUOTED_INCLUDE_IN_FRAMEWORK_HEADER = YES;
				CLANG_WARN_RANGE_LOOP_ANALYSIS = YES;
				CLANG_WARN_STRICT_PROTOTYPES = YES;
				CLANG_WARN_SUSPICIOUS_MOVE = YES;
				CLANG_WARN_UNGUARDED_AVAILABILITY = YES_AGGRESSIVE;
				CLANG_WARN_UNREACHABLE_CODE = YES;
				CLANG_WARN__DUPLICATE_METHOD_MATCH = YES;
				COPY_PHASE_STRIP = NO;
				DEBUG_INFORMATION_FORMAT = dwarf;
				ENABLE_STRICT_OBJC_MSGSEND = YES;
				ENABLE_TESTABILITY = YES;
				ENABLE_USER_SCRIPT_SANDBOXING = YES;
				GCC_C_LANGUAGE_STANDARD = gnu17;
				GCC_DYNAMIC_NO_PIC = NO;
				GCC_NO_COMMON_BLOCKS = YES;
				GCC_OPTIMIZATION_LEVEL = 0;
				GCC_PREPROCESSOR_DEFINITIONS = (
					"DEBUG=1",
					"$(inherited)",
				);
				GCC_WARN_64_TO_32_BIT_CONVERSION = YES;
				GCC_WARN_ABOUT_RETURN_TYPE = YES_ERROR;
				GCC_WARN_UNDECLARED_SELECTOR = YES;
				GCC_WARN_UNINITIALIZED_AUTOS = YES_AGGRESSIVE;
				GCC_WARN_UNUSED_FUNCTION = YES;
				GCC_WARN_UNUSED_VARIABLE = YES;
				IPHONEOS_DEPLOYMENT_TARGET = 15.6;
				LOCALIZATION_PREFERS_STRING_CATALOGS = YES;
				MTL_ENABLE_DEBUG_INFO = INCLUDE_SOURCE;
				MTL_FAST_MATH = YES;
				ONLY_ACTIVE_ARCH = YES;
				SDKROOT = iphoneos;
				SWIFT_ACTIVE_COMPILATION_CONDITIONS = "DEBUG $(inherited)";
				SWIFT_OPTIMIZATION_LEVEL = "-Onone";
			};
			name = Debug;
		};
		849038C42CA308490078E52F /* Release */ = {
			isa = XCBuildConfiguration;
			buildSettings = {
				ALWAYS_SEARCH_USER_PATHS = NO;
				ASSETCATALOG_COMPILER_GENERATE_SWIFT_ASSET_SYMBOL_EXTENSIONS = YES;
				CLANG_ANALYZER_NONNULL = YES;
				CLANG_ANALYZER_NUMBER_OBJECT_CONVERSION = YES_AGGRESSIVE;
				CLANG_CXX_LANGUAGE_STANDARD = "gnu++20";
				CLANG_ENABLE_MODULES = YES;
				CLANG_ENABLE_OBJC_ARC = YES;
				CLANG_ENABLE_OBJC_WEAK = YES;
				CLANG_WARN_BLOCK_CAPTURE_AUTORELEASING = YES;
				CLANG_WARN_BOOL_CONVERSION = YES;
				CLANG_WARN_COMMA = YES;
				CLANG_WARN_CONSTANT_CONVERSION = YES;
				CLANG_WARN_DEPRECATED_OBJC_IMPLEMENTATIONS = YES;
				CLANG_WARN_DIRECT_OBJC_ISA_USAGE = YES_ERROR;
				CLANG_WARN_DOCUMENTATION_COMMENTS = YES;
				CLANG_WARN_EMPTY_BODY = YES;
				CLANG_WARN_ENUM_CONVERSION = YES;
				CLANG_WARN_INFINITE_RECURSION = YES;
				CLANG_WARN_INT_CONVERSION = YES;
				CLANG_WARN_NON_LITERAL_NULL_CONVERSION = YES;
				CLANG_WARN_OBJC_IMPLICIT_RETAIN_SELF = YES;
				CLANG_WARN_OBJC_LITERAL_CONVERSION = YES;
				CLANG_WARN_OBJC_ROOT_CLASS = YES_ERROR;
				CLANG_WARN_QUOTED_INCLUDE_IN_FRAMEWORK_HEADER = YES;
				CLANG_WARN_RANGE_LOOP_ANALYSIS = YES;
				CLANG_WARN_STRICT_PROTOTYPES = YES;
				CLANG_WARN_SUSPICIOUS_MOVE = YES;
				CLANG_WARN_UNGUARDED_AVAILABILITY = YES_AGGRESSIVE;
				CLANG_WARN_UNREACHABLE_CODE = YES;
				CLANG_WARN__DUPLICATE_METHOD_MATCH = YES;
				COPY_PHASE_STRIP = NO;
				DEBUG_INFORMATION_FORMAT = "dwarf-with-dsym";
				ENABLE_NS_ASSERTIONS = NO;
				ENABLE_STRICT_OBJC_MSGSEND = YES;
				ENABLE_USER_SCRIPT_SANDBOXING = YES;
				GCC_C_LANGUAGE_STANDARD = gnu17;
				GCC_NO_COMMON_BLOCKS = YES;
				GCC_WARN_64_TO_32_BIT_CONVERSION = YES;
				GCC_WARN_ABOUT_RETURN_TYPE = YES_ERROR;
				GCC_WARN_UNDECLARED_SELECTOR = YES;
				GCC_WARN_UNINITIALIZED_AUTOS = YES_AGGRESSIVE;
				GCC_WARN_UNUSED_FUNCTION = YES;
				GCC_WARN_UNUSED_VARIABLE = YES;
				IPHONEOS_DEPLOYMENT_TARGET = 15.6;
				LOCALIZATION_PREFERS_STRING_CATALOGS = YES;
				MTL_ENABLE_DEBUG_INFO = NO;
				MTL_FAST_MATH = YES;
				SDKROOT = iphoneos;
				SWIFT_COMPILATION_MODE = wholemodule;
				VALIDATE_PRODUCT = YES;
			};
			name = Release;
		};
		849038C62CA308490078E52F /* Debug */ = {
			isa = XCBuildConfiguration;
			buildSettings = {
				ASSETCATALOG_COMPILER_APPICON_NAME = AppIcon;
				ASSETCATALOG_COMPILER_GLOBAL_ACCENT_COLOR_NAME = AccentColor;
				CODE_SIGN_STYLE = Automatic;
				CURRENT_PROJECT_VERSION = 1;
				DEVELOPMENT_ASSET_PATHS = "\"Online Examination/Preview Content\"";
				ENABLE_PREVIEWS = YES;
				GENERATE_INFOPLIST_FILE = YES;
				INFOPLIST_FILE = "Online-Examination-Info.plist";
				INFOPLIST_KEY_UIApplicationSceneManifest_Generation = YES;
				INFOPLIST_KEY_UIApplicationSupportsIndirectInputEvents = YES;
				INFOPLIST_KEY_UILaunchScreen_Generation = YES;
				INFOPLIST_KEY_UISupportedInterfaceOrientations_iPad = "UIInterfaceOrientationPortrait UIInterfaceOrientationPortrait UIInterfaceOrientationPortraitUpsideDown UIInterfaceOrientationLandscapeLeft UIInterfaceOrientationLandscapeRight";
				INFOPLIST_KEY_UISupportedInterfaceOrientations_iPhone = "UIInterfaceOrientationPortrait UIInterfaceOrientationLandscapeLeft UIInterfaceOrientationLandscapeRight";
				LD_RUNPATH_SEARCH_PATHS = (
					"$(inherited)",
					"@executable_path/Frameworks",
				);
				MARKETING_VERSION = 1.0;
				PRODUCT_BUNDLE_IDENTIFIER = "com.codewithjosh.Online-Examination";
				PRODUCT_NAME = "$(TARGET_NAME)";
				SWIFT_EMIT_LOC_STRINGS = YES;
				SWIFT_VERSION = 5.0;
				TARGETED_DEVICE_FAMILY = "1,2";
			};
			name = Debug;
		};
		849038C72CA308490078E52F /* Release */ = {
			isa = XCBuildConfiguration;
			buildSettings = {
				ASSETCATALOG_COMPILER_APPICON_NAME = AppIcon;
				ASSETCATALOG_COMPILER_GLOBAL_ACCENT_COLOR_NAME = AccentColor;
				CODE_SIGN_STYLE = Automatic;
				CURRENT_PROJECT_VERSION = 1;
				DEVELOPMENT_ASSET_PATHS = "\"Online Examination/Preview Content\"";
				ENABLE_PREVIEWS = YES;
				GENERATE_INFOPLIST_FILE = YES;
				INFOPLIST_FILE = "Online-Examination-Info.plist";
				INFOPLIST_KEY_UIApplicationSceneManifest_Generation = YES;
				INFOPLIST_KEY_UIApplicationSupportsIndirectInputEvents = YES;
				INFOPLIST_KEY_UILaunchScreen_Generation = YES;
				INFOPLIST_KEY_UISupportedInterfaceOrientations_iPad = "UIInterfaceOrientationPortrait UIInterfaceOrientationPortrait UIInterfaceOrientationPortraitUpsideDown UIInterfaceOrientationLandscapeLeft UIInterfaceOrientationLandscapeRight";
				INFOPLIST_KEY_UISupportedInterfaceOrientations_iPhone = "UIInterfaceOrientationPortrait UIInterfaceOrientationLandscapeLeft UIInterfaceOrientationLandscapeRight";
				LD_RUNPATH_SEARCH_PATHS = (
					"$(inherited)",
					"@executable_path/Frameworks",
				);
				MARKETING_VERSION = 1.0;
				PRODUCT_BUNDLE_IDENTIFIER = "com.codewithjosh.Online-Examination";
				PRODUCT_NAME = "$(TARGET_NAME)";
				SWIFT_EMIT_LOC_STRINGS = YES;
				SWIFT_VERSION = 5.0;
				TARGETED_DEVICE_FAMILY = "1,2";
			};
			name = Release;
		};
		849038C92CA308490078E52F /* Debug */ = {
			isa = XCBuildConfiguration;
			buildSettings = {
				BUNDLE_LOADER = "$(TEST_HOST)";
				CODE_SIGN_STYLE = Automatic;
				CURRENT_PROJECT_VERSION = 1;
				GENERATE_INFOPLIST_FILE = YES;
				IPHONEOS_DEPLOYMENT_TARGET = 18.0;
				MARKETING_VERSION = 1.0;
				PRODUCT_BUNDLE_IDENTIFIER = "com.codewithjosh.Online-ExaminationTests";
				PRODUCT_NAME = "$(TARGET_NAME)";
				SWIFT_EMIT_LOC_STRINGS = NO;
				SWIFT_VERSION = 5.0;
				TARGETED_DEVICE_FAMILY = "1,2";
				TEST_HOST = "$(BUILT_PRODUCTS_DIR)/Online Examination.app/$(BUNDLE_EXECUTABLE_FOLDER_PATH)/Online Examination";
			};
			name = Debug;
		};
		849038CA2CA308490078E52F /* Release */ = {
			isa = XCBuildConfiguration;
			buildSettings = {
				BUNDLE_LOADER = "$(TEST_HOST)";
				CODE_SIGN_STYLE = Automatic;
				CURRENT_PROJECT_VERSION = 1;
				GENERATE_INFOPLIST_FILE = YES;
				IPHONEOS_DEPLOYMENT_TARGET = 18.0;
				MARKETING_VERSION = 1.0;
				PRODUCT_BUNDLE_IDENTIFIER = "com.codewithjosh.Online-ExaminationTests";
				PRODUCT_NAME = "$(TARGET_NAME)";
				SWIFT_EMIT_LOC_STRINGS = NO;
				SWIFT_VERSION = 5.0;
				TARGETED_DEVICE_FAMILY = "1,2";
				TEST_HOST = "$(BUILT_PRODUCTS_DIR)/Online Examination.app/$(BUNDLE_EXECUTABLE_FOLDER_PATH)/Online Examination";
			};
			name = Release;
		};
		849038CC2CA308490078E52F /* Debug */ = {
			isa = XCBuildConfiguration;
			buildSettings = {
				CODE_SIGN_STYLE = Automatic;
				CURRENT_PROJECT_VERSION = 1;
				GENERATE_INFOPLIST_FILE = YES;
				MARKETING_VERSION = 1.0;
				PRODUCT_BUNDLE_IDENTIFIER = "com.codewithjosh.Online-ExaminationUITests";
				PRODUCT_NAME = "$(TARGET_NAME)";
				SWIFT_EMIT_LOC_STRINGS = NO;
				SWIFT_VERSION = 5.0;
				TARGETED_DEVICE_FAMILY = "1,2";
				TEST_TARGET_NAME = "Online Examination";
			};
			name = Debug;
		};
		849038CD2CA308490078E52F /* Release */ = {
			isa = XCBuildConfiguration;
			buildSettings = {
				CODE_SIGN_STYLE = Automatic;
				CURRENT_PROJECT_VERSION = 1;
				GENERATE_INFOPLIST_FILE = YES;
				MARKETING_VERSION = 1.0;
				PRODUCT_BUNDLE_IDENTIFIER = "com.codewithjosh.Online-ExaminationUITests";
				PRODUCT_NAME = "$(TARGET_NAME)";
				SWIFT_EMIT_LOC_STRINGS = NO;
				SWIFT_VERSION = 5.0;
				TARGETED_DEVICE_FAMILY = "1,2";
				TEST_TARGET_NAME = "Online Examination";
			};
			name = Release;
		};
/* End XCBuildConfiguration section */

/* Begin XCConfigurationList section */
		8490389C2CA308460078E52F /* Build configuration list for PBXProject "Online Examination" */ = {
			isa = XCConfigurationList;
			buildConfigurations = (
				849038C32CA308490078E52F /* Debug */,
				849038C42CA308490078E52F /* Release */,
			);
			defaultConfigurationIsVisible = 0;
			defaultConfigurationName = Release;
		};
		849038C52CA308490078E52F /* Build configuration list for PBXNativeTarget "Online Examination" */ = {
			isa = XCConfigurationList;
			buildConfigurations = (
				849038C62CA308490078E52F /* Debug */,
				849038C72CA308490078E52F /* Release */,
			);
			defaultConfigurationIsVisible = 0;
			defaultConfigurationName = Release;
		};
		849038C82CA308490078E52F /* Build configuration list for PBXNativeTarget "Online ExaminationTests" */ = {
			isa = XCConfigurationList;
			buildConfigurations = (
				849038C92CA308490078E52F /* Debug */,
				849038CA2CA308490078E52F /* Release */,
			);
			defaultConfigurationIsVisible = 0;
			defaultConfigurationName = Release;
		};
		849038CB2CA308490078E52F /* Build configuration list for PBXNativeTarget "Online ExaminationUITests" */ = {
			isa = XCConfigurationList;
			buildConfigurations = (
				849038CC2CA308490078E52F /* Debug */,
				849038CD2CA308490078E52F /* Release */,
			);
			defaultConfigurationIsVisible = 0;
			defaultConfigurationName = Release;
		};
/* End XCConfigurationList section */

/* Begin XCRemoteSwiftPackageReference section */
		847CDFF92CA7010200A197EF /* XCRemoteSwiftPackageReference "supabase-swift" */ = {
			isa = XCRemoteSwiftPackageReference;
			repositoryURL = "https://github.com/supabase/supabase-swift";
			requirement = {
				kind = upToNextMajorVersion;
				minimumVersion = 2.5.1;
			};
		};
/* End XCRemoteSwiftPackageReference section */

/* Begin XCSwiftPackageProductDependency section */
		84E24E832CA70878004C06AD /* Auth */ = {
			isa = XCSwiftPackageProductDependency;
			package = 847CDFF92CA7010200A197EF /* XCRemoteSwiftPackageReference "supabase-swift" */;
			productName = Auth;
		};
		84E24E852CA70878004C06AD /* Functions */ = {
			isa = XCSwiftPackageProductDependency;
			package = 847CDFF92CA7010200A197EF /* XCRemoteSwiftPackageReference "supabase-swift" */;
			productName = Functions;
		};
		84E24E872CA70878004C06AD /* PostgREST */ = {
			isa = XCSwiftPackageProductDependency;
			package = 847CDFF92CA7010200A197EF /* XCRemoteSwiftPackageReference "supabase-swift" */;
			productName = PostgREST;
		};
		84E24E892CA70878004C06AD /* Realtime */ = {
			isa = XCSwiftPackageProductDependency;
			package = 847CDFF92CA7010200A197EF /* XCRemoteSwiftPackageReference "supabase-swift" */;
			productName = Realtime;
		};
		84E24E8B2CA70878004C06AD /* Storage */ = {
			isa = XCSwiftPackageProductDependency;
			package = 847CDFF92CA7010200A197EF /* XCRemoteSwiftPackageReference "supabase-swift" */;
			productName = Storage;
		};
		84E24E8D2CA70878004C06AD /* Supabase */ = {
			isa = XCSwiftPackageProductDependency;
			package = 847CDFF92CA7010200A197EF /* XCRemoteSwiftPackageReference "supabase-swift" */;
			productName = Supabase;
		};
/* End XCSwiftPackageProductDependency section */
	};
	rootObject = 849038992CA308460078E52F /* Project object */;
}
